
Microsoft Visual Studio Solution File, Format Version 12.00
# Visual Studio Version 17
VisualStudioVersion = 17.3.32929.385
MinimumVisualStudioVersion = 10.0.40219.1
Project("{FAE04EC0-301F-11D3-BF4B-00C04F79EFBC}") = "CSharpBasics", "CSharpBasics\CSharpBasics.csproj", "{9408CC07-C371-4950-91FD-1DC929A24DB3}"
EndProject
Global
	GlobalSection(SolutionConfigurationPlatforms) = preSolution
		Debug|Any CPU = Debug|Any CPU
		Release|Any CPU = Release|Any CPU
	EndGlobalSection
	GlobalSection(ProjectConfigurationPlatforms) = postSolution
		{9408CC07-C371-4950-91FD-1DC929A24DB3}.Debug|Any CPU.ActiveCfg = Debug|Any CPU
		{9408CC07-C371-4950-91FD-1DC929A24DB3}.Debug|Any CPU.Build.0 = Debug|Any CPU
		{9408CC07-C371-4950-91FD-1DC929A24DB3}.Release|Any CPU.ActiveCfg = Release|Any CPU
		{9408CC07-C371-4950-91FD-1DC929A24DB3}.Release|Any CPU.Build.0 = Release|Any CPU
	EndGlobalSection
	GlobalSection(SolutionProperties) = preSolution
		HideSolutionNode = FALSE
	EndGlobalSection
	GlobalSection(ExtensibilityGlobals) = postSolution
		SolutionGuid = {AAD61B16-E652-46DD-95D4-1E3877038F61}
	EndGlobalSection
EndGlobal
