
Microsoft Visual Studio Solution File, Format Version 12.00
# Visual Studio Version 17
VisualStudioVersion = 17.3.32929.385
MinimumVisualStudioVersion = 10.0.40219.1
Project("{FAE04EC0-301F-11D3-BF4B-00C04F79EFBC}") = "_sharp_basic_3", "_sharp_basic_3\_sharp_basic_3.csproj", "{2B4272F1-147A-4E12-94A0-10AE054F8AB9}"
EndProject
Global
	GlobalSection(SolutionConfigurationPlatforms) = preSolution
		Debug|Any CPU = Debug|Any CPU
		Release|Any CPU = Release|Any CPU
	EndGlobalSection
	GlobalSection(ProjectConfigurationPlatforms) = postSolution
		{2B4272F1-147A-4E12-94A0-10AE054F8AB9}.Debug|Any CPU.ActiveCfg = Debug|Any CPU
		{2B4272F1-147A-4E12-94A0-10AE054F8AB9}.Debug|Any CPU.Build.0 = Debug|Any CPU
		{2B4272F1-147A-4E12-94A0-10AE054F8AB9}.Release|Any CPU.ActiveCfg = Release|Any CPU
		{2B4272F1-147A-4E12-94A0-10AE054F8AB9}.Release|Any CPU.Build.0 = Release|Any CPU
	EndGlobalSection
	GlobalSection(SolutionProperties) = preSolution
		HideSolutionNode = FALSE
	EndGlobalSection
	GlobalSection(ExtensibilityGlobals) = postSolution
		SolutionGuid = {FBF82121-0AD1-4A7D-A329-C5B170C60BDD}
	EndGlobalSection
EndGlobal
