
Microsoft Visual Studio Solution File, Format Version 12.00
# Visual Studio Version 17
VisualStudioVersion = 17.3.32929.385
MinimumVisualStudioVersion = 10.0.40219.1
Project("{FAE04EC0-301F-11D3-BF4B-00C04F79EFBC}") = "CSharpBasics2", "CSharpBasics2\CSharpBasics2.csproj", "{0DBD732F-D98E-46FD-8D58-CBA6F95A05D5}"
EndProject
Global
	GlobalSection(SolutionConfigurationPlatforms) = preSolution
		Debug|Any CPU = Debug|Any CPU
		Release|Any CPU = Release|Any CPU
	EndGlobalSection
	GlobalSection(ProjectConfigurationPlatforms) = postSolution
		{0DBD732F-D98E-46FD-8D58-CBA6F95A05D5}.Debug|Any CPU.ActiveCfg = Debug|Any CPU
		{0DBD732F-D98E-46FD-8D58-CBA6F95A05D5}.Debug|Any CPU.Build.0 = Debug|Any CPU
		{0DBD732F-D98E-46FD-8D58-CBA6F95A05D5}.Release|Any CPU.ActiveCfg = Release|Any CPU
		{0DBD732F-D98E-46FD-8D58-CBA6F95A05D5}.Release|Any CPU.Build.0 = Release|Any CPU
	EndGlobalSection
	GlobalSection(SolutionProperties) = preSolution
		HideSolutionNode = FALSE
	EndGlobalSection
	GlobalSection(ExtensibilityGlobals) = postSolution
		SolutionGuid = {9D62627F-8171-47C3-A03A-1140FC2D065C}
	EndGlobalSection
EndGlobal
